
Microsoft Visual Studio Solution File, Format Version 12.00
# Visual Studio 15
VisualStudioVersion = 15.0.28307.757
MinimumVisualStudioVersion = 10.0.40219.1
Project("{FAE04EC0-301F-11D3-BF4B-00C04F79EFBC}") = "CommandTransmission", "CommandTransmission\CommandTransmission.csproj", "{0F56EDA9-CF7F-4C49-A67B-3FCD434D4902}"
EndProject
Project("{2150E333-8FDC-42A3-9474-1A3956D46DE8}") = "Libs", "Libs", "{C735BA55-49DD-4018-A892-9C896959A75C}"
	ProjectSection(SolutionItems) = preProject
		Libs\ControlzEx.dll = Libs\ControlzEx.dll
		Libs\MahApps.Metro.IconPacks.dll = Libs\MahApps.Metro.IconPacks.dll
		Libs\Microsoft.Practices.ServiceLocation.dll = Libs\Microsoft.Practices.ServiceLocation.dll
		Libs\Microsoft.Practices.Unity.Configuration.dll = Libs\Microsoft.Practices.Unity.Configuration.dll
		Libs\Microsoft.Practices.Unity.dll = Libs\Microsoft.Practices.Unity.dll
		Libs\Microsoft.Practices.Unity.RegistrationByConvention.dll = Libs\Microsoft.Practices.Unity.RegistrationByConvention.dll
		Libs\Prism.dll = Libs\Prism.dll
		Libs\Prism.Unity.Wpf.dll = Libs\Prism.Unity.Wpf.dll
		Libs\Prism.Wpf.dll = Libs\Prism.Wpf.dll
	EndProjectSection
EndProject
Global
	GlobalSection(SolutionConfigurationPlatforms) = preSolution
		Debug|Any CPU = Debug|Any CPU
		Release|Any CPU = Release|Any CPU
	EndGlobalSection
	GlobalSection(ProjectConfigurationPlatforms) = postSolution
		{0F56EDA9-CF7F-4C49-A67B-3FCD434D4902}.Debug|Any CPU.ActiveCfg = Debug|Any CPU
		{0F56EDA9-CF7F-4C49-A67B-3FCD434D4902}.Debug|Any CPU.Build.0 = Debug|Any CPU
		{0F56EDA9-CF7F-4C49-A67B-3FCD434D4902}.Release|Any CPU.ActiveCfg = Release|Any CPU
		{0F56EDA9-CF7F-4C49-A67B-3FCD434D4902}.Release|Any CPU.Build.0 = Release|Any CPU
	EndGlobalSection
	GlobalSection(SolutionProperties) = preSolution
		HideSolutionNode = FALSE
	EndGlobalSection
	GlobalSection(ExtensibilityGlobals) = postSolution
		SolutionGuid = {01B37C32-D487-4675-B099-DF554ABCD549}
	EndGlobalSection
EndGlobal
